{
  "name": "my-module-playground",
  "lockfileVersion": 2,
  "requires": true,
  "packages": {
    "": {
      "name": "my-module-playground",
      "dependencies": {
        "@vuestorefront-community/nuxt-click-outside": "file:../"
      }
    },
    "..": {
      "name": "@vuestorefront-community/nuxt-click-outside",
      "version": "1.0.0",
      "license": "MIT",
      "dependencies": {
        "@nuxt/kit": "^3.0.0-rc.4",
        "pathe": "^0.3.1"
      },
      "devDependencies": {
        "@nuxt/module-builder": "latest",
        "@types/node": "^18.0.0",
        "@types/prettier": "^2.6.3",
        "@vue-storefront/eslint-config-nuxt": "^1.0.11",
        "@vue/test-utils": "^2.0.0",
        "commitizen": "^4.2.4",
        "cz-conventional-changelog": "^3.3.0",
        "eslint": "latest",
        "husky": "^8.0.1",
        "lint-staged": "^13.0.3",
        "nuxt": "^3.0.0-rc.4",
        "prettier": "^2.7.1",
        "typescript": "^4.7.4",
        "vitest": "^0.16.0"
      },
      "engines": {
        "node": ">=16"
      }
    },
    "node_modules/@vuestorefront-community/nuxt-click-outside": {
      "resolved": "..",
      "link": true
    }
  },
  "dependencies": {
    "@vuestorefront-community/nuxt-click-outside": {
      "version": "file:..",
      "requires": {
        "@nuxt/kit": "^3.0.0-rc.4",
        "@nuxt/module-builder": "latest",
        "@types/node": "^18.0.0",
        "@types/prettier": "^2.6.3",
        "@vue-storefront/eslint-config-nuxt": "^1.0.11",
        "@vue/test-utils": "^2.0.0",
        "commitizen": "^4.2.4",
        "cz-conventional-changelog": "^3.3.0",
        "eslint": "latest",
        "husky": "^8.0.1",
        "lint-staged": "^13.0.3",
        "nuxt": "^3.0.0-rc.4",
        "pathe": "^0.3.1",
        "prettier": "^2.7.1",
        "typescript": "^4.7.4",
        "vitest": "^0.16.0"
      }
    }
  }
}
